{
  "name": "skillgate",
  "version": "0.0.0",
  "lockfileVersion": 3,
  "requires": true,
  "packages": {
    "": {
      "name": "skillgate",
      "version": "0.0.0",
      "license": "Apache-2.0",
      "dependencies": {
        "yaml": "^2.7.0"
      },
      "devDependencies": {
        "@types/node": "^22.0.0",
        "typescript": "^5.7.0",
        "vitest": "^3.0.0"
      },
      "engines": {
        "node": ">=20"
      }
    },
    "node_modules/@types/node": {
      "version": "22.13.0",
      "resolved": "https://registry.npmjs.org/@types/node/-/node-22.13.0.tgz",
      "integrity": "sha512-ClVRg+bNmq3Z6lUgiOMk41p4fU3B4N24b6f1x4Vp4GfC31VzW9T6/B6VbV5w4u1Xz2Q2V5b7Q==",
      "dev": true,
      "license": "MIT",
      "dependencies": {
        "undici-types": "~6.20.0"
      }
    },
    "node_modules/typescript": {
      "version": "5.7.3",
      "resolved": "https://registry.npmjs.org/typescript/-/typescript-5.7.3.tgz",
      "integrity": "sha512-84MVSjME+nIbbzS4AcEMEYUANiUzQQq9pwCXzqy3PwqQU4IBifva7s1xR58n7nwMWU17Zfnn25Q==",
      "dev": true,
      "license": "Apache-2.0",
      "bin": {
        "tsc": "bin/tsc",
        "tsserver": "bin/tsserver"
      },
      "engines": {
        "node": ">=14.17"
      }
    },
    "node_modules/undici-types": {
      "version": "6.20.0",
      "resolved": "https://registry.npmjs.org/undici-types/-/undici-types-6.20.0.tgz",
      "integrity": "sha512-Ny6QZ2Tju20vWXBhUVJ42jSEZ3LCUwYM4YSGw6XLNLUMCVauFaNY1wP9+TU1SWqFVhbb3vG9/+U62fe2PCpuZw==",
      "dev": true,
      "license": "MIT"
    },
    "node_modules/yaml": {
      "version": "2.7.0",
      "resolved": "https://registry.npmjs.org/yaml/-/yaml-2.7.0.tgz",
      "integrity": "sha512-gj0FD9CE0iZkg8QDpm2v30d588aWJmxLWB0i356jAn2hSi6CJlH7veU50KaNA0fZW0AOga414NuhX7hc9ovxNw==",
      "license": "ISC",
      "bin": {
        "yaml": "bin.mjs"
      },
      "engines": {
        "node": ">= 14"
      }
    }
  }
}
